
Microsoft Visual Studio Solution File, Format Version 12.00
# Visual Studio Version 17
VisualStudioVersion = 17.7.34221.43
MinimumVisualStudioVersion = 10.0.40219.1
Project("{FAE04EC0-301F-11D3-BF4B-00C04F79EFBC}") = "rtan 304", "rtan 304\rtan 304.csproj", "{7B12F2EC-EE31-4B03-AC52-C8799C71538D}"
EndProject
Global
	GlobalSection(SolutionConfigurationPlatforms) = preSolution
		Debug|Any CPU = Debug|Any CPU
		Release|Any CPU = Release|Any CPU
	EndGlobalSection
	GlobalSection(ProjectConfigurationPlatforms) = postSolution
		{7B12F2EC-EE31-4B03-AC52-C8799C71538D}.Debug|Any CPU.ActiveCfg = Debug|Any CPU
		{7B12F2EC-EE31-4B03-AC52-C8799C71538D}.Debug|Any CPU.Build.0 = Debug|Any CPU
		{7B12F2EC-EE31-4B03-AC52-C8799C71538D}.Release|Any CPU.ActiveCfg = Release|Any CPU
		{7B12F2EC-EE31-4B03-AC52-C8799C71538D}.Release|Any CPU.Build.0 = Release|Any CPU
	EndGlobalSection
	GlobalSection(SolutionProperties) = preSolution
		HideSolutionNode = FALSE
	EndGlobalSection
	GlobalSection(ExtensibilityGlobals) = postSolution
		SolutionGuid = {D9321622-4D1C-4CB2-A8FE-E5E5E43E55E0}
	EndGlobalSection
EndGlobal
